
Microsoft Visual Studio Solution File, Format Version 12.00
# Visual Studio Version 16
VisualStudioVersion = 16.0.30503.244
MinimumVisualStudioVersion = 10.0.40219.1
Project("{FAE04EC0-301F-11D3-BF4B-00C04F79EFBC}") = "RestApi", "RestApi\RestApi.csproj", "{82E168D0-66C3-43B2-A5D0-D828EF2D6CF9}"
EndProject
Global
	GlobalSection(SolutionConfigurationPlatforms) = preSolution
		Debug|Any CPU = Debug|Any CPU
		Release|Any CPU = Release|Any CPU
	EndGlobalSection
	GlobalSection(ProjectConfigurationPlatforms) = postSolution
		{82E168D0-66C3-43B2-A5D0-D828EF2D6CF9}.Debug|Any CPU.ActiveCfg = Debug|Any CPU
		{82E168D0-66C3-43B2-A5D0-D828EF2D6CF9}.Debug|Any CPU.Build.0 = Debug|Any CPU
		{82E168D0-66C3-43B2-A5D0-D828EF2D6CF9}.Release|Any CPU.ActiveCfg = Release|Any CPU
		{82E168D0-66C3-43B2-A5D0-D828EF2D6CF9}.Release|Any CPU.Build.0 = Release|Any CPU
	EndGlobalSection
	GlobalSection(SolutionProperties) = preSolution
		HideSolutionNode = FALSE
	EndGlobalSection
	GlobalSection(ExtensibilityGlobals) = postSolution
		SolutionGuid = {C96B974F-DA51-4BBF-9ADA-756FF4A88E32}
	EndGlobalSection
EndGlobal
